
Microsoft Visual Studio Solution File, Format Version 12.00
# Visual Studio Version 17
VisualStudioVersion = 17.2.32516.85
MinimumVisualStudioVersion = 10.0.40219.1
Project("{FAE04EC0-301F-11D3-BF4B-00C04F79EFBC}") = "CSWFwinCap", "CSWFwinCap\CSWFwinCap.csproj", "{149C23CC-5BA8-4E09-81D7-467CE4167D41}"
EndProject
Global
	GlobalSection(SolutionConfigurationPlatforms) = preSolution
		Debug|Any CPU = Debug|Any CPU
		Debug|x64 = Debug|x64
		Release|Any CPU = Release|Any CPU
		Release|x64 = Release|x64
	EndGlobalSection
	GlobalSection(ProjectConfigurationPlatforms) = postSolution
		{149C23CC-5BA8-4E09-81D7-467CE4167D41}.Debug|Any CPU.ActiveCfg = Debug|Any CPU
		{149C23CC-5BA8-4E09-81D7-467CE4167D41}.Debug|Any CPU.Build.0 = Debug|Any CPU
		{149C23CC-5BA8-4E09-81D7-467CE4167D41}.Debug|x64.ActiveCfg = Debug|x64
		{149C23CC-5BA8-4E09-81D7-467CE4167D41}.Debug|x64.Build.0 = Debug|x64
		{149C23CC-5BA8-4E09-81D7-467CE4167D41}.Release|Any CPU.ActiveCfg = Release|Any CPU
		{149C23CC-5BA8-4E09-81D7-467CE4167D41}.Release|Any CPU.Build.0 = Release|Any CPU
		{149C23CC-5BA8-4E09-81D7-467CE4167D41}.Release|x64.ActiveCfg = Release|x64
		{149C23CC-5BA8-4E09-81D7-467CE4167D41}.Release|x64.Build.0 = Release|x64
	EndGlobalSection
	GlobalSection(SolutionProperties) = preSolution
		HideSolutionNode = FALSE
	EndGlobalSection
	GlobalSection(ExtensibilityGlobals) = postSolution
		SolutionGuid = {794507F8-53AC-470B-A4E8-C59C7AEE452D}
	EndGlobalSection
EndGlobal
